dependencies:
  LED:
    component_hash: f0b813ad0cc12447bf0ad655b28e4c0726a3bd655b40360a770ef8b750e70e67
    dependencies: []
    source:
      git: https://github.com/ironmanwin1/LED_Test1.git
      path: components/LED
      type: git
    version: 9ba198c8d74b384f6e7d23de6c657178243955ac
  idf:
    source:
      type: idf
    version: 5.3.1
direct_dependencies:
- LED
manifest_hash: edf8fb8fcbc8151c2fdd30e3525ed84cc10acfff7263200746fe8f094f14b5d6
target: esp32
version: 2.0.0
